
Microsoft Visual Studio Solution File, Format Version 12.00
# Visual Studio Version 16
VisualStudioVersion = 16.0.31424.327
MinimumVisualStudioVersion = 10.0.40219.1
Project("{8BC9CEB8-8B4A-11D0-8D11-00A0C91BC942}") = "CUDA-OpenGL-Basic-Interaction", "CUDA-OpenGL-Basic-Interaction.vcxproj", "{F5ED30E2-BE6A-47D7-9515-E7264F5ECBB8}"
EndProject
Global
	GlobalSection(SolutionConfigurationPlatforms) = preSolution
		Debug|x64 = Debug|x64
		Release|x64 = Release|x64
	EndGlobalSection
	GlobalSection(ProjectConfigurationPlatforms) = postSolution
		{F5ED30E2-BE6A-47D7-9515-E7264F5ECBB8}.Debug|x64.ActiveCfg = Debug|x64
		{F5ED30E2-BE6A-47D7-9515-E7264F5ECBB8}.Debug|x64.Build.0 = Debug|x64
		{F5ED30E2-BE6A-47D7-9515-E7264F5ECBB8}.Release|x64.ActiveCfg = Release|x64
		{F5ED30E2-BE6A-47D7-9515-E7264F5ECBB8}.Release|x64.Build.0 = Release|x64
	EndGlobalSection
	GlobalSection(SolutionProperties) = preSolution
		HideSolutionNode = FALSE
	EndGlobalSection
	GlobalSection(ExtensibilityGlobals) = postSolution
		SolutionGuid = {24A67ABA-C5C1-41BF-A0E8-7E89B03F7928}
	EndGlobalSection
EndGlobal
